{
  "name": "mongodb-change-streams-nodejs-example",
  "version": "1.0.0",
  "lockfileVersion": 1,
  "requires": true,
  "dependencies": {
    "bson": {
      "version": "1.1.0",
      "resolved": "http://10.10.10.180:4873/bson/-/bson-1.1.0.tgz",
      "integrity": "sha1-vuV9H7aodxNHGvTjK8rjbegUtbA="
    },
    "mongodb": {
      "version": "3.1.3",
      "resolved": "http://10.10.10.180:4873/mongodb/-/mongodb-3.1.3.tgz",
      "integrity": "sha1-dSPUONGQ6Ap1fFlH28Imdoy3sdU=",
      "requires": {
        "mongodb-core": "3.1.2"
      }
    },
    "mongodb-core": {
      "version": "3.1.2",
      "resolved": "http://10.10.10.180:4873/mongodb-core/-/mongodb-core-3.1.2.tgz",
      "integrity": "sha1-yFBVomkaw2YZUeVXoNZIJ5atXEI=",
      "requires": {
        "bson": "^1.1.0",
        "require_optional": "^1.0.1",
        "saslprep": "^1.0.0"
      }
    },
    "require_optional": {
      "version": "1.0.1",
      "resolved": "http://10.10.10.180:4873/require_optional/-/require_optional-1.0.1.tgz",
      "integrity": "sha1-TPNaQkf2TKPfjC7yCMxJSxyo/C4=",
      "requires": {
        "resolve-from": "^2.0.0",
        "semver": "^5.1.0"
      }
    },
    "resolve-from": {
      "version": "2.0.0",
      "resolved": "http://10.10.10.180:4873/resolve-from/-/resolve-from-2.0.0.tgz",
      "integrity": "sha1-lICrIOlP+h2egKgEx+oUdhGWa1c="
    },
    "saslprep": {
      "version": "1.0.1",
      "resolved": "http://10.10.10.180:4873/saslprep/-/saslprep-1.0.1.tgz",
      "integrity": "sha1-tkTguiWxVrZS88uQ33VC+JYEm6Y=",
      "optional": true
    },
    "semver": {
      "version": "5.5.1",
      "resolved": "http://10.10.10.180:4873/semver/-/semver-5.5.1.tgz",
      "integrity": "sha1-ff3YgUvbfKvHvg+x1zTPtmyUBHc="
    }
  }
}
